
Microsoft Visual Studio Solution File, Format Version 12.00
Project("{FAE04EC0-301F-11D3-BF4B-00C04F79EFBC}") = "HackatonInovaUniEGov", "HackatonInovaUniEGov\HackatonInovaUniEGov.csproj", "{F8904D4C-6DD2-4970-AA34-4FA84C216DE9}"
EndProject
Global
	GlobalSection(SolutionConfigurationPlatforms) = preSolution
		Debug|Any CPU = Debug|Any CPU
		Release|Any CPU = Release|Any CPU
	EndGlobalSection
	GlobalSection(ProjectConfigurationPlatforms) = postSolution
		{F8904D4C-6DD2-4970-AA34-4FA84C216DE9}.Debug|Any CPU.ActiveCfg = Debug|Any CPU
		{F8904D4C-6DD2-4970-AA34-4FA84C216DE9}.Debug|Any CPU.Build.0 = Debug|Any CPU
		{F8904D4C-6DD2-4970-AA34-4FA84C216DE9}.Release|Any CPU.ActiveCfg = Release|Any CPU
		{F8904D4C-6DD2-4970-AA34-4FA84C216DE9}.Release|Any CPU.Build.0 = Release|Any CPU
	EndGlobalSection
EndGlobal
